{
    "requires": true,
    "lockfileVersion": 1,
    "dependencies": {
        "bootstrap": {
            "version": "3.3.7",
            "resolved": "http://registry.npm.taobao.org/bootstrap/download/bootstrap-3.3.7.tgz",
            "integrity": "sha1-WjiTlFSfIzMIdaOxUGVldPip63E="
        },
        "summernote": {
            "version": "0.8.8",
            "resolved": "http://registry.npm.taobao.org/summernote/download/summernote-0.8.8.tgz",
            "integrity": "sha1-MkT/lF5awWcFGdSwxBjkA0Ecrj4=",
            "requires": {
                "bootstrap": "3.3.7"
            }
        }
    }
}
